
Microsoft Visual Studio Solution File, Format Version 12.00
# Visual Studio Version 16
VisualStudioVersion = 16.0.31702.278
MinimumVisualStudioVersion = 10.0.40219.1
Project("{9A19103F-16F7-4668-BE54-9A1E7A4F7556}") = "TestContextMapperExtension", "TestContextMapperExtension\TestContextMapperExtension.csproj", "{A067518B-550A-4A6E-851A-E7CA2830CB2F}"
EndProject
Project("{9A19103F-16F7-4668-BE54-9A1E7A4F7556}") = "TestContextMapperExtensionTests", "TestContextMapperExtensionTests\TestContextMapperExtensionTests.csproj", "{BD10CEBB-5F0D-41B9-A4A5-27F782D8307F}"
EndProject
Project("{2150E333-8FDC-42A3-9474-1A3956D46DE8}") = "Solution Items", "Solution Items", "{9AB2A462-5BA8-4703-A9D5-5A1D5183FFCF}"
	ProjectSection(SolutionItems) = preProject
		FlatObject.runsettings = FlatObject.runsettings
		NestedObject.runsettings = NestedObject.runsettings
	EndProjectSection
EndProject
Global
	GlobalSection(SolutionConfigurationPlatforms) = preSolution
		Debug|Any CPU = Debug|Any CPU
		Release|Any CPU = Release|Any CPU
	EndGlobalSection
	GlobalSection(ProjectConfigurationPlatforms) = postSolution
		{A067518B-550A-4A6E-851A-E7CA2830CB2F}.Debug|Any CPU.ActiveCfg = Debug|Any CPU
		{A067518B-550A-4A6E-851A-E7CA2830CB2F}.Debug|Any CPU.Build.0 = Debug|Any CPU
		{A067518B-550A-4A6E-851A-E7CA2830CB2F}.Release|Any CPU.ActiveCfg = Release|Any CPU
		{A067518B-550A-4A6E-851A-E7CA2830CB2F}.Release|Any CPU.Build.0 = Release|Any CPU
		{BD10CEBB-5F0D-41B9-A4A5-27F782D8307F}.Debug|Any CPU.ActiveCfg = Debug|Any CPU
		{BD10CEBB-5F0D-41B9-A4A5-27F782D8307F}.Debug|Any CPU.Build.0 = Debug|Any CPU
		{BD10CEBB-5F0D-41B9-A4A5-27F782D8307F}.Release|Any CPU.ActiveCfg = Release|Any CPU
		{BD10CEBB-5F0D-41B9-A4A5-27F782D8307F}.Release|Any CPU.Build.0 = Release|Any CPU
	EndGlobalSection
	GlobalSection(SolutionProperties) = preSolution
		HideSolutionNode = FALSE
	EndGlobalSection
	GlobalSection(ExtensibilityGlobals) = postSolution
		SolutionGuid = {63694356-468B-4B27-A805-571A50BE91F6}
	EndGlobalSection
EndGlobal
